
Microsoft Visual Studio Solution File, Format Version 12.00
# Visual Studio Version 17
VisualStudioVersion = 17.14.36616.10 d17.14
MinimumVisualStudioVersion = 10.0.40219.1
Project("{FAE04EC0-301F-11D3-BF4B-00C04F79EFBC}") = "API", "API\API.csproj", "{6BB6D9DB-907D-4801-94B1-1CD5BD63CDAE}"
EndProject
Global
	GlobalSection(SolutionConfigurationPlatforms) = preSolution
		Debug|Any CPU = Debug|Any CPU
		Release|Any CPU = Release|Any CPU
	EndGlobalSection
	GlobalSection(ProjectConfigurationPlatforms) = postSolution
		{6BB6D9DB-907D-4801-94B1-1CD5BD63CDAE}.Debug|Any CPU.ActiveCfg = Debug|Any CPU
		{6BB6D9DB-907D-4801-94B1-1CD5BD63CDAE}.Debug|Any CPU.Build.0 = Debug|Any CPU
		{6BB6D9DB-907D-4801-94B1-1CD5BD63CDAE}.Release|Any CPU.ActiveCfg = Release|Any CPU
		{6BB6D9DB-907D-4801-94B1-1CD5BD63CDAE}.Release|Any CPU.Build.0 = Release|Any CPU
	EndGlobalSection
	GlobalSection(SolutionProperties) = preSolution
		HideSolutionNode = FALSE
	EndGlobalSection
	GlobalSection(ExtensibilityGlobals) = postSolution
		SolutionGuid = {D2748758-DC13-4338-B164-6577B9DE838D}
	EndGlobalSection
EndGlobal
